# This file is automatically @generated by Cargo.
# It is not intended for manual editing.
version = 4

[[package]]
name = "ctor"
version = "1.0.3"
source = "registry+https://github.com/rust-lang/crates.io-index"
checksum = "5c24d2b2b7c12a2fffb7c5c8fd0dcda7ca14b4600fa2d3701b6079aefb6fa180"
dependencies = [
 "link-section",
 "linktime-proc-macro",
]

[[package]]
name = "link-section"
version = "0.15.0"
source = "registry+https://github.com/rust-lang/crates.io-index"
checksum = "4641b91711debb59c61b07eb5e30521ed6d9e2bdd9fd04f934e7da3a5bc386d4"

[[package]]
name = "linktime-proc-macro"
version = "0.1.0"
source = "registry+https://github.com/rust-lang/crates.io-index"
checksum = "a44cd706ff0d503ee32b2071166510ca27e281228de10cd3aa8d35ff94560f81"

[[package]]
name = "paste"
version = "1.0.15"
source = "registry+https://github.com/rust-lang/crates.io-index"
checksum = "57c0d7b74b563b49d38dae00a0c37d4d6de9b432382b2892f0574ddcae73fd0a"

[[package]]
name = "rustime"
version = "0.1.0"
dependencies = [
 "ctor",
 "paste",
]
